PODS:
  - bccm_player (0.0.1):
    - Flutter
    - google-cast-sdk (= 4.8.3)
    - NpawPluginPkg (= 7.3.6)
    - Protobuf (~> 3.13)
  - Flutter (1.0.0)
  - flutter_local_notifications (0.0.1):
    - Flutter
  - flutter_to_airplay (0.0.1):
    - Flutter
  - GCDWebServer (3.5.9)
  - google-cast-sdk (4.8.3):
    - Protobuf (~> 3.13)
  - NpawPluginPkg (7.3.6):
    - GCDWebServer (= 3.5.9)
  - open_mail_app_plus (0.0.1):
    - Flutter
  - Protobuf (3.29.6)

DEPENDENCIES:
  - bccm_player (from `.symlinks/plugins/bccm_player/ios`)
  - Flutter (from `Flutter`)
  - flutter_local_notifications (from `.symlinks/plugins/flutter_local_notifications/ios`)
  - flutter_to_airplay (from `.symlinks/plugins/flutter_to_airplay/ios`)
  - google-cast-sdk (= 4.8.3)
  - NpawPluginPkg (= 7.3.6)
  - open_mail_app_plus (from `.symlinks/plugins/open_mail_app_plus/ios`)

SPEC REPOS:
  http://bitbucket.org/npaw/plugin-ios-cocoapods.git:
    - GCDWebServer
    - NpawPluginPkg
  trunk:
    - google-cast-sdk
    - Protobuf

EXTERNAL SOURCES:
  bccm_player:
    :path: ".symlinks/plugins/bccm_player/ios"
  Flutter:
    :path: Flutter
  flutter_local_notifications:
    :path: ".symlinks/plugins/flutter_local_notifications/ios"
  flutter_to_airplay:
    :path: ".symlinks/plugins/flutter_to_airplay/ios"
  open_mail_app_plus:
    :path: ".symlinks/plugins/open_mail_app_plus/ios"

SPEC CHECKSUMS:
  bccm_player: 2feedff021cdc577dbe81cb93f909db733d17d66
  Flutter: 71a624a5bc0c04062bf19101d501e466baf2fb47
  flutter_local_notifications: ad39620c743ea4c15127860f4b5641649a988100
  flutter_to_airplay: 8ed587ac4b07d167184d2977a8a406383ce5c371
  GCDWebServer: baef69ed4f6f8bd69b2be47e08797ab1b8cbad29
  google-cast-sdk: 1fb6724e94cc5ff23b359176e0cf6360586bb97a
  NpawPluginPkg: 8c758cbac896f97980065f7b9fff1f62fb093004
  open_mail_app_plus: 6b06ef9915403f20b72c728cc264322efacdcb9a
  Protobuf: 8d5596f7468be5400861a6bbfb2dfe9d0d1cde34

PODFILE CHECKSUM: eadeee952f49f6c4b5e651d743c0dacbff4819db

COCOAPODS: 1.17.0
