PODS:
  - app_links (0.0.1):
    - Flutter
  - AppAuth (1.7.4):
    - AppAuth/Core (= 1.7.4)
    - AppAuth/ExternalUserAgent (= 1.7.4)
  - AppAuth/Core (1.7.4)
  - AppAuth/ExternalUserAgent (1.7.4):
    - AppAuth/Core
  - bccm_player (0.0.1):
    - Flutter
    - google-cast-sdk-dynamic-xcframework-no-bluetooth (= 4.7.1)
    - Protobuf (~> 3.13)
    - YouboraAVPlayerAdapter (= 6.6.8)
    - YouboraLib (= 6.6.22)
  - cloud_firestore (4.17.3):
    - Firebase/Firestore (= 10.25.0)
    - firebase_core
    - Flutter
  - connectivity_plus (0.0.1):
    - Flutter
    - ReachabilitySwift
  - device_info_plus (0.0.1):
    - Flutter
  - Firebase/CoreOnly (10.25.0):
    - FirebaseCore (= 10.25.0)
  - Firebase/Crashlytics (10.25.0):
    - Firebase/CoreOnly
    - FirebaseCrashlytics (~> 10.25.0)
  - Firebase/Firestore (10.25.0):
    - Firebase/CoreOnly
    - FirebaseFirestore (~> 10.25.0)
  - Firebase/Messaging (10.25.0):
    - Firebase/CoreOnly
    - FirebaseMessaging (~> 10.25.0)
  - firebase_core (2.31.0):
    - Firebase/CoreOnly (= 10.25.0)
    - Flutter
  - firebase_crashlytics (3.5.5):
    - Firebase/Crashlytics (= 10.25.0)
    - firebase_core
    - Flutter
  - firebase_messaging (14.9.2):
    - Firebase/Messaging (= 10.25.0)
    - firebase_core
    - Flutter
  - FirebaseCore (10.25.0):
    - FirebaseCoreInternal (~> 10.0)
    - GoogleUtilities/Environment (~> 7.12)
    - GoogleUtilities/Logger (~> 7.12)
  - FirebaseCoreExtension (10.25.0):
    - FirebaseCore (~> 10.0)
  - FirebaseCoreInternal (10.25.0):
    - "GoogleUtilities/NSData+zlib (~> 7.8)"
  - FirebaseCrashlytics (10.25.0):
    - FirebaseCore (~> 10.5)
    - FirebaseInstallations (~> 10.0)
    - FirebaseRemoteConfigInterop (~> 10.23)
    - FirebaseSessions (~> 10.5)
    - GoogleDataTransport (~> 9.2)
    - GoogleUtilities/Environment (~> 7.8)
    - nanopb (< 2.30911.0, >= 2.30908.0)
    - PromisesObjC (~> 2.1)
  - FirebaseFirestore (10.25.0):
    - FirebaseFirestoreBinary (= 10.25.0)
  - FirebaseFirestoreAbseilBinary (1.2024011601.0)
  - FirebaseFirestoreBinary (10.25.0):
    - FirebaseCore (= 10.25.0)
    - FirebaseCoreExtension (= 10.25.0)
    - FirebaseFirestoreInternalBinary (= 10.25.0)
    - FirebaseSharedSwift (= 10.25.0)
  - FirebaseFirestoreGRPCBoringSSLBinary (1.62.1)
  - FirebaseFirestoreGRPCCoreBinary (1.62.1):
    - FirebaseFirestoreAbseilBinary (= 1.2024011601.0)
    - FirebaseFirestoreGRPCBoringSSLBinary (= 1.62.1)
  - FirebaseFirestoreGRPCCPPBinary (1.62.1):
    - FirebaseFirestoreAbseilBinary (= 1.2024011601.0)
    - FirebaseFirestoreGRPCCoreBinary (= 1.62.1)
  - FirebaseFirestoreInternalBinary (10.25.0):
    - FirebaseCore (= 10.25.0)
    - FirebaseFirestoreAbseilBinary (= 1.2024011601.0)
    - FirebaseFirestoreGRPCCPPBinary (= 1.62.1)
    - leveldb-library (~> 1.22)
    - nanopb (< 2.30911.0, >= 2.30908.0)
  - FirebaseInstallations (10.25.0):
    - FirebaseCore (~> 10.0)
    - GoogleUtilities/Environment (~> 7.8)
    - GoogleUtilities/UserDefaults (~> 7.8)
    - PromisesObjC (~> 2.1)
  - FirebaseMessaging (10.25.0):
    - FirebaseCore (~> 10.0)
    - FirebaseInstallations (~> 10.0)
    - GoogleDataTransport (~> 9.3)
    - GoogleUtilities/AppDelegateSwizzler (~> 7.8)
    - GoogleUtilities/Environment (~> 7.8)
    - GoogleUtilities/Reachability (~> 7.8)
    - GoogleUtilities/UserDefaults (~> 7.8)
    - nanopb (< 2.30911.0, >= 2.30908.0)
  - FirebaseRemoteConfigInterop (10.25.0)
  - FirebaseSessions (10.25.0):
    - FirebaseCore (~> 10.5)
    - FirebaseCoreExtension (~> 10.0)
    - FirebaseInstallations (~> 10.0)
    - GoogleDataTransport (~> 9.2)
    - GoogleUtilities/Environment (~> 7.13)
    - GoogleUtilities/UserDefaults (~> 7.13)
    - nanopb (< 2.30911.0, >= 2.30908.0)
    - PromisesSwift (~> 2.1)
  - FirebaseSharedSwift (10.25.0)
  - Flutter (1.0.0)
  - flutter_appauth (0.0.1):
    - AppAuth (= 1.7.4)
    - Flutter
  - flutter_inappwebview_ios (0.0.1):
    - Flutter
    - flutter_inappwebview_ios/Core (= 0.0.1)
    - OrderedSet (~> 5.0)
  - flutter_inappwebview_ios/Core (0.0.1):
    - Flutter
    - OrderedSet (~> 5.0)
  - flutter_local_notifications (0.0.1):
    - Flutter
  - flutter_native_splash (0.0.1):
    - Flutter
  - flutter_secure_storage (6.0.0):
    - Flutter
  - flutter_to_airplay (0.0.1):
    - Flutter
  - google-cast-sdk-dynamic-xcframework-no-bluetooth (4.7.1)
  - GoogleDataTransport (9.4.1):
    - GoogleUtilities/Environment (~> 7.7)
    - nanopb (< 2.30911.0, >= 2.30908.0)
    - PromisesObjC (< 3.0, >= 1.2)
  - GoogleUtilities/AppDelegateSwizzler (7.13.3):
    - GoogleUtilities/Environment
    - GoogleUtilities/Logger
    - GoogleUtilities/Network
    - GoogleUtilities/Privacy
  - GoogleUtilities/Environment (7.13.3):
    - GoogleUtilities/Privacy
    - PromisesObjC (< 3.0, >= 1.2)
  - GoogleUtilities/Logger (7.13.3):
    - GoogleUtilities/Environment
    - GoogleUtilities/Privacy
  - GoogleUtilities/Network (7.13.3):
    - GoogleUtilities/Logger
    - "GoogleUtilities/NSData+zlib"
    - GoogleUtilities/Privacy
    - GoogleUtilities/Reachability
  - "GoogleUtilities/NSData+zlib (7.13.3)":
    - GoogleUtilities/Privacy
  - GoogleUtilities/Privacy (7.13.3)
  - GoogleUtilities/Reachability (7.13.3):
    - GoogleUtilities/Logger
    - GoogleUtilities/Privacy
  - GoogleUtilities/UserDefaults (7.13.3):
    - GoogleUtilities/Logger
    - GoogleUtilities/Privacy
  - integration_test (0.0.1):
    - Flutter
  - leveldb-library (1.22.5)
  - MetricsReporter (1.2.1):
    - RSCrashReporter (= 1.0.1)
    - RudderKit (= 1.4.0)
  - nanopb (2.30910.0):
    - nanopb/decode (= 2.30910.0)
    - nanopb/encode (= 2.30910.0)
  - nanopb/decode (2.30910.0)
  - nanopb/encode (2.30910.0)
  - open_mail_app (0.0.1):
    - Flutter
  - OrderedSet (5.0.0)
  - package_info_plus (0.4.5):
    - Flutter
  - path_provider_foundation (0.0.1):
    - Flutter
    - FlutterMacOS
  - PromisesObjC (2.4.0)
  - PromisesSwift (2.4.0):
    - PromisesObjC (= 2.4.0)
  - Protobuf (3.26.1)
  - ReachabilitySwift (5.2.2)
  - RSCrashReporter (1.0.1)
  - Rudder (1.26.3):
    - MetricsReporter (= 1.2.1)
  - rudder_plugin_ios (0.0.1):
    - Flutter
    - Rudder (< 2.0.0, >= 1.26.3)
  - RudderKit (1.4.0)
  - share_plus (0.0.1):
    - Flutter
  - shared_preferences_foundation (0.0.1):
    - Flutter
    - FlutterMacOS
  - sqflite (0.0.3):
    - Flutter
    - FlutterMacOS
  - url_launcher_ios (0.0.1):
    - Flutter
  - vibration (1.7.5):
    - Flutter
  - wakelock_plus (0.0.1):
    - Flutter
  - YouboraAVPlayerAdapter (6.6.8):
    - YouboraAVPlayerAdapter/Default (= 6.6.8)
    - YouboraLib (~> 6.5)
  - YouboraAVPlayerAdapter/Default (6.6.8):
    - YouboraLib (~> 6.5)
  - YouboraLib (6.6.22)

DEPENDENCIES:
  - app_links (from `.symlinks/plugins/app_links/ios`)
  - bccm_player (from `.symlinks/plugins/bccm_player/ios`)
  - cloud_firestore (from `.symlinks/plugins/cloud_firestore/ios`)
  - connectivity_plus (from `.symlinks/plugins/connectivity_plus/ios`)
  - device_info_plus (from `.symlinks/plugins/device_info_plus/ios`)
  - firebase_core (from `.symlinks/plugins/firebase_core/ios`)
  - firebase_crashlytics (from `.symlinks/plugins/firebase_crashlytics/ios`)
  - firebase_messaging (from `.symlinks/plugins/firebase_messaging/ios`)
  - FirebaseFirestore (from `https://github.com/invertase/firestore-ios-sdk-frameworks.git`, tag `10.25.0`)
  - Flutter (from `Flutter`)
  - flutter_appauth (from `.symlinks/plugins/flutter_appauth/ios`)
  - flutter_inappwebview_ios (from `.symlinks/plugins/flutter_inappwebview_ios/ios`)
  - flutter_local_notifications (from `.symlinks/plugins/flutter_local_notifications/ios`)
  - flutter_native_splash (from `.symlinks/plugins/flutter_native_splash/ios`)
  - flutter_secure_storage (from `.symlinks/plugins/flutter_secure_storage/ios`)
  - flutter_to_airplay (from `.symlinks/plugins/flutter_to_airplay/ios`)
  - integration_test (from `.symlinks/plugins/integration_test/ios`)
  - open_mail_app (from `.symlinks/plugins/open_mail_app/ios`)
  - package_info_plus (from `.symlinks/plugins/package_info_plus/ios`)
  - path_provider_foundation (from `.symlinks/plugins/path_provider_foundation/darwin`)
  - rudder_plugin_ios (from `.symlinks/plugins/rudder_plugin_ios/ios`)
  - share_plus (from `.symlinks/plugins/share_plus/ios`)
  - shared_preferences_foundation (from `.symlinks/plugins/shared_preferences_foundation/darwin`)
  - sqflite (from `.symlinks/plugins/sqflite/darwin`)
  - url_launcher_ios (from `.symlinks/plugins/url_launcher_ios/ios`)
  - vibration (from `.symlinks/plugins/vibration/ios`)
  - wakelock_plus (from `.symlinks/plugins/wakelock_plus/ios`)

SPEC REPOS:
  trunk:
    - AppAuth
    - Firebase
    - FirebaseCore
    - FirebaseCoreExtension
    - FirebaseCoreInternal
    - FirebaseCrashlytics
    - FirebaseFirestoreAbseilBinary
    - FirebaseFirestoreBinary
    - FirebaseFirestoreGRPCBoringSSLBinary
    - FirebaseFirestoreGRPCCoreBinary
    - FirebaseFirestoreGRPCCPPBinary
    - FirebaseFirestoreInternalBinary
    - FirebaseInstallations
    - FirebaseMessaging
    - FirebaseRemoteConfigInterop
    - FirebaseSessions
    - FirebaseSharedSwift
    - google-cast-sdk-dynamic-xcframework-no-bluetooth
    - GoogleDataTransport
    - GoogleUtilities
    - leveldb-library
    - MetricsReporter
    - nanopb
    - OrderedSet
    - PromisesObjC
    - PromisesSwift
    - Protobuf
    - ReachabilitySwift
    - RSCrashReporter
    - Rudder
    - RudderKit
    - YouboraAVPlayerAdapter
    - YouboraLib

EXTERNAL SOURCES:
  app_links:
    :path: ".symlinks/plugins/app_links/ios"
  bccm_player:
    :path: ".symlinks/plugins/bccm_player/ios"
  cloud_firestore:
    :path: ".symlinks/plugins/cloud_firestore/ios"
  connectivity_plus:
    :path: ".symlinks/plugins/connectivity_plus/ios"
  device_info_plus:
    :path: ".symlinks/plugins/device_info_plus/ios"
  firebase_core:
    :path: ".symlinks/plugins/firebase_core/ios"
  firebase_crashlytics:
    :path: ".symlinks/plugins/firebase_crashlytics/ios"
  firebase_messaging:
    :path: ".symlinks/plugins/firebase_messaging/ios"
  FirebaseFirestore:
    :git: https://github.com/invertase/firestore-ios-sdk-frameworks.git
    :tag: 10.25.0
  Flutter:
    :path: Flutter
  flutter_appauth:
    :path: ".symlinks/plugins/flutter_appauth/ios"
  flutter_inappwebview_ios:
    :path: ".symlinks/plugins/flutter_inappwebview_ios/ios"
  flutter_local_notifications:
    :path: ".symlinks/plugins/flutter_local_notifications/ios"
  flutter_native_splash:
    :path: ".symlinks/plugins/flutter_native_splash/ios"
  flutter_secure_storage:
    :path: ".symlinks/plugins/flutter_secure_storage/ios"
  flutter_to_airplay:
    :path: ".symlinks/plugins/flutter_to_airplay/ios"
  integration_test:
    :path: ".symlinks/plugins/integration_test/ios"
  open_mail_app:
    :path: ".symlinks/plugins/open_mail_app/ios"
  package_info_plus:
    :path: ".symlinks/plugins/package_info_plus/ios"
  path_provider_foundation:
    :path: ".symlinks/plugins/path_provider_foundation/darwin"
  rudder_plugin_ios:
    :path: ".symlinks/plugins/rudder_plugin_ios/ios"
  share_plus:
    :path: ".symlinks/plugins/share_plus/ios"
  shared_preferences_foundation:
    :path: ".symlinks/plugins/shared_preferences_foundation/darwin"
  sqflite:
    :path: ".symlinks/plugins/sqflite/darwin"
  url_launcher_ios:
    :path: ".symlinks/plugins/url_launcher_ios/ios"
  vibration:
    :path: ".symlinks/plugins/vibration/ios"
  wakelock_plus:
    :path: ".symlinks/plugins/wakelock_plus/ios"

CHECKOUT OPTIONS:
  FirebaseFirestore:
    :git: https://github.com/invertase/firestore-ios-sdk-frameworks.git
    :tag: 10.25.0

SPEC CHECKSUMS:
  app_links: e70ca16b4b0f88253b3b3660200d4a10b4ea9795
  AppAuth: 182c5b88630569df5acb672720534756c29b3358
  bccm_player: 604487689efbc99aeb2093d900785b7e36fd43a7
  cloud_firestore: 792f773e5e8c080ffcbadd49f9fb397927f29af6
  connectivity_plus: bf0076dd84a130856aa636df1c71ccaff908fa1d
  device_info_plus: c6fb39579d0f423935b0c9ce7ee2f44b71b9fce6
  Firebase: 0312a2352584f782ea56f66d91606891d4607f06
  firebase_core: 0b39f4f424e02eecabb2356ddf331fa07b772af8
  firebase_crashlytics: 5adb9a5ac7858811cef7a9447a011bb4dcb540c3
  firebase_messaging: 8999827b6efc9c3ab4b1f9dc246deaa7f13dbf88
  FirebaseCore: 7ec4d0484817f12c3373955bc87762d96842d483
  FirebaseCoreExtension: 8a47811d0b155501559ef05d089518152a0a1677
  FirebaseCoreInternal: 910a81992c33715fec9263ca7381d59ab3a750b7
  FirebaseCrashlytics: 4b96efb0ce73b38b2a85e8b8bd1bd8f63f09d015
  FirebaseFirestore: d30223cc084fb1ea2d7aee742eea5392beaf3edd
  FirebaseFirestoreAbseilBinary: bd0451946879e0e01327c8efc35896bb273009c4
  FirebaseFirestoreBinary: bfcacce21af5109ab56bef3d41b4235b98b22861
  FirebaseFirestoreGRPCBoringSSLBinary: c3007e61593e4583ec3bb8b34ce654663663b690
  FirebaseFirestoreGRPCCoreBinary: 1243fc6604a52912694635f891916976924931ed
  FirebaseFirestoreGRPCCPPBinary: e447b3a7c060c0abfc4e2c9f6fb53bf7635ded66
  FirebaseFirestoreInternalBinary: 64bdfce9f9f44f131e47694b6287fce0f6f26019
  FirebaseInstallations: 91950fe859846fff0fbd296180909dd273103b09
  FirebaseMessaging: 88950ba9485052891ebe26f6c43a52bb62248952
  FirebaseRemoteConfigInterop: b25018791b204c0d78a90e394d6c62d9b1f22da8
  FirebaseSessions: c0939656253a1fa0e94ecc266ccf770cc8b33732
  FirebaseSharedSwift: 0274086954b1b2d5fd7e829eccc587044d72a4ba
  Flutter: e0871f40cf51350855a761d2e70bf5af5b9b5de7
  flutter_appauth: 1ce438877bc111c5d8f42da47729909290624886
  flutter_inappwebview_ios: 97215cf7d4677db55df76782dbd2930c5e1c1ea0
  flutter_local_notifications: 4cde75091f6327eb8517fa068a0a5950212d2086
  flutter_native_splash: edf599c81f74d093a4daf8e17bd7a018854bc778
  flutter_secure_storage: d33dac7ae2ea08509be337e775f6b59f1ff45f12
  flutter_to_airplay: 519d8d83d7d8fd1c97a557b98195c4e6396eeb8f
  google-cast-sdk-dynamic-xcframework-no-bluetooth: 1fa9e267df3fd6f8a1c6e3345142ca5286297968
  GoogleDataTransport: 6c09b596d841063d76d4288cc2d2f42cc36e1e2a
  GoogleUtilities: ea963c370a38a8069cc5f7ba4ca849a60b6d7d15
  integration_test: ce0a3ffa1de96d1a89ca0ac26fca7ea18a749ef4
  leveldb-library: e8eadf9008a61f9e1dde3978c086d2b6d9b9dc28
  MetricsReporter: 99596ee5003c69949ed2f50acc34aee83c42f843
  nanopb: 438bc412db1928dac798aa6fd75726007be04262
  open_mail_app: 794172f6a22cd16319d3ddaf45e945b2f74952b0
  OrderedSet: aaeb196f7fef5a9edf55d89760da9176ad40b93c
  package_info_plus: 58f0028419748fad15bf008b270aaa8e54380b1c
  path_provider_foundation: 2b6b4c569c0fb62ec74538f866245ac84301af46
  PromisesObjC: f5707f49cb48b9636751c5b2e7d227e43fba9f47
  PromisesSwift: 9d77319bbe72ebf6d872900551f7eeba9bce2851
  Protobuf: a53f5173a603075b3522a5c50be63a67a5f3353a
  ReachabilitySwift: 2128f3a8c9107e1ad33574c6e58e8285d460b149
  RSCrashReporter: 6b8376ac729b0289ebe0908553e5f56d8171f313
  Rudder: 23456f79749849870e18c45bd250d6e2229a7147
  rudder_plugin_ios: a337ccdc5313621e0b1260551e8ebbc6bb492c36
  RudderKit: f272f9872183946452ac94cd7bb2244a71e6ca8f
  share_plus: c3fef564749587fc939ef86ffb283ceac0baf9f5
  shared_preferences_foundation: fcdcbc04712aee1108ac7fda236f363274528f78
  sqflite: 673a0e54cc04b7d6dba8d24fb8095b31c3a99eec
  url_launcher_ios: 5334b05cef931de560670eeae103fd3e431ac3fe
  vibration: 7d883d141656a1c1a6d8d238616b2042a51a1241
  wakelock_plus: 78ec7c5b202cab7761af8e2b2b3d0671be6c4ae1
  YouboraAVPlayerAdapter: bc898a61e09c667202a77491b677a42dfa0adc04
  YouboraLib: fc65b030ac93499f8beb3f5daa10deb3879fb2d2

PODFILE CHECKSUM: 894f3e4b460c844b41d4d8a22a7aa38c3befb29a

COCOAPODS: 1.14.3
