PODS:
  - app_links (0.0.2):
    - Flutter
  - AppAuth (1.7.4):
    - AppAuth/Core (= 1.7.4)
    - AppAuth/ExternalUserAgent (= 1.7.4)
  - AppAuth/Core (1.7.4)
  - AppAuth/ExternalUserAgent (1.7.4):
    - AppAuth/Core
  - bccm_player (0.0.1):
    - Flutter
    - google-cast-sdk-dynamic-xcframework-no-bluetooth (= 4.7.1)
    - Protobuf (~> 3.13)
    - YouboraAVPlayerAdapter (= 6.6.8)
    - YouboraLib (= 6.6.22)
  - cloud_firestore (5.4.0):
    - Firebase/Firestore (= 11.2.0)
    - firebase_core
    - Flutter
  - connectivity_plus (0.0.1):
    - Flutter
    - FlutterMacOS
  - device_info_plus (0.0.1):
    - Flutter
  - Firebase/CoreOnly (11.2.0):
    - FirebaseCore (= 11.2.0)
  - Firebase/Firestore (11.2.0):
    - Firebase/CoreOnly
    - FirebaseFirestore (~> 11.2.0)
  - Firebase/Messaging (11.2.0):
    - Firebase/CoreOnly
    - FirebaseMessaging (~> 11.2.0)
  - firebase_core (3.6.0):
    - Firebase/CoreOnly (= 11.2.0)
    - Flutter
  - firebase_messaging (15.1.0):
    - Firebase/Messaging (= 11.2.0)
    - firebase_core
    - Flutter
  - FirebaseCore (11.2.0):
    - FirebaseCoreInternal (~> 11.0)
    - GoogleUtilities/Environment (~> 8.0)
    - GoogleUtilities/Logger (~> 8.0)
  - FirebaseCoreExtension (11.2.0):
    - FirebaseCore (~> 11.0)
  - FirebaseCoreInternal (11.3.0):
    - "GoogleUtilities/NSData+zlib (~> 8.0)"
  - FirebaseFirestore (11.2.0):
    - FirebaseFirestoreBinary (= 11.2.0)
  - FirebaseFirestoreAbseilBinary (1.2024011602.0)
  - FirebaseFirestoreBinary (11.2.0):
    - FirebaseCore (= 11.2.0)
    - FirebaseCoreExtension (= 11.2.0)
    - FirebaseFirestoreInternalBinary (= 11.2.0)
    - FirebaseSharedSwift (= 11.2.0)
  - FirebaseFirestoreGRPCBoringSSLBinary (1.65.1)
  - FirebaseFirestoreGRPCCoreBinary (1.65.1):
    - FirebaseFirestoreAbseilBinary (= 1.2024011602.0)
    - FirebaseFirestoreGRPCBoringSSLBinary (= 1.65.1)
  - FirebaseFirestoreGRPCCPPBinary (1.65.1):
    - FirebaseFirestoreAbseilBinary (= 1.2024011602.0)
    - FirebaseFirestoreGRPCCoreBinary (= 1.65.1)
  - FirebaseFirestoreInternalBinary (11.2.0):
    - FirebaseCore (= 11.2.0)
    - FirebaseFirestoreAbseilBinary (= 1.2024011602.0)
    - FirebaseFirestoreGRPCCPPBinary (= 1.65.1)
    - leveldb-library (~> 1.22)
    - nanopb (~> 3.30910.0)
  - FirebaseInstallations (11.3.0):
    - FirebaseCore (~> 11.0)
    - GoogleUtilities/Environment (~> 8.0)
    - GoogleUtilities/UserDefaults (~> 8.0)
    - PromisesObjC (~> 2.4)
  - FirebaseMessaging (11.2.0):
    - FirebaseCore (~> 11.0)
    - FirebaseInstallations (~> 11.0)
    - GoogleDataTransport (~> 10.0)
    - GoogleUtilities/AppDelegateSwizzler (~> 8.0)
    - GoogleUtilities/Environment (~> 8.0)
    - GoogleUtilities/Reachability (~> 8.0)
    - GoogleUtilities/UserDefaults (~> 8.0)
    - nanopb (~> 3.30910.0)
  - FirebaseSharedSwift (11.2.0)
  - Flutter (1.0.0)
  - flutter_appauth (0.0.1):
    - AppAuth (= 1.7.4)
    - Flutter
  - flutter_local_notifications (0.0.1):
    - Flutter
  - flutter_native_splash (0.0.1):
    - Flutter
  - flutter_secure_storage (6.0.0):
    - Flutter
  - flutter_to_airplay (0.0.1):
    - Flutter
  - google-cast-sdk-dynamic-xcframework-no-bluetooth (4.7.1)
  - GoogleDataTransport (10.1.0):
    - nanopb (~> 3.30910.0)
    - PromisesObjC (~> 2.4)
  - GoogleUtilities/AppDelegateSwizzler (8.0.2):
    - GoogleUtilities/Environment
    - GoogleUtilities/Logger
    - GoogleUtilities/Network
    - GoogleUtilities/Privacy
  - GoogleUtilities/Environment (8.0.2):
    - GoogleUtilities/Privacy
  - GoogleUtilities/Logger (8.0.2):
    - GoogleUtilities/Environment
    - GoogleUtilities/Privacy
  - GoogleUtilities/Network (8.0.2):
    - GoogleUtilities/Logger
    - "GoogleUtilities/NSData+zlib"
    - GoogleUtilities/Privacy
    - GoogleUtilities/Reachability
  - "GoogleUtilities/NSData+zlib (8.0.2)":
    - GoogleUtilities/Privacy
  - GoogleUtilities/Privacy (8.0.2)
  - GoogleUtilities/Reachability (8.0.2):
    - GoogleUtilities/Logger
    - GoogleUtilities/Privacy
  - GoogleUtilities/UserDefaults (8.0.2):
    - GoogleUtilities/Logger
    - GoogleUtilities/Privacy
  - integration_test (0.0.1):
    - Flutter
  - leveldb-library (1.22.5)
  - MetricsReporter (2.0.0):
    - RSCrashReporter (= 1.0.1)
    - RudderKit (= 1.4.0)
  - nanopb (3.30910.0):
    - nanopb/decode (= 3.30910.0)
    - nanopb/encode (= 3.30910.0)
  - nanopb/decode (3.30910.0)
  - nanopb/encode (3.30910.0)
  - open_mail_app (0.0.1):
    - Flutter
  - package_info_plus (0.4.5):
    - Flutter
  - path_provider_foundation (0.0.1):
    - Flutter
    - FlutterMacOS
  - PromisesObjC (2.4.0)
  - Protobuf (3.28.2)
  - restart_app (0.0.1):
    - Flutter
  - RSCrashReporter (1.0.1)
  - Rudder (1.29.0):
    - MetricsReporter (= 2.0.0)
  - rudder_plugin_ios (0.0.1):
    - Flutter
    - Rudder (< 2.0.0, >= 1.26.3)
  - RudderKit (1.4.0)
  - Sentry/HybridSDK (8.36.0)
  - sentry_flutter (8.9.0):
    - Flutter
    - FlutterMacOS
    - Sentry/HybridSDK (= 8.36.0)
  - share_plus (0.0.1):
    - Flutter
  - shared_preferences_foundation (0.0.1):
    - Flutter
    - FlutterMacOS
  - sqflite (0.0.3):
    - Flutter
    - FlutterMacOS
  - url_launcher_ios (0.0.1):
    - Flutter
  - vibration (1.7.5):
    - Flutter
  - wakelock_plus (0.0.1):
    - Flutter
  - webview_flutter_wkwebview (0.0.1):
    - Flutter
    - FlutterMacOS
  - YouboraAVPlayerAdapter (6.6.8):
    - YouboraAVPlayerAdapter/Default (= 6.6.8)
    - YouboraLib (~> 6.5)
  - YouboraAVPlayerAdapter/Default (6.6.8):
    - YouboraLib (~> 6.5)
  - YouboraLib (6.6.22)

DEPENDENCIES:
  - app_links (from `.symlinks/plugins/app_links/ios`)
  - bccm_player (from `.symlinks/plugins/bccm_player/ios`)
  - cloud_firestore (from `.symlinks/plugins/cloud_firestore/ios`)
  - connectivity_plus (from `.symlinks/plugins/connectivity_plus/darwin`)
  - device_info_plus (from `.symlinks/plugins/device_info_plus/ios`)
  - firebase_core (from `.symlinks/plugins/firebase_core/ios`)
  - firebase_messaging (from `.symlinks/plugins/firebase_messaging/ios`)
  - FirebaseFirestore (from `https://github.com/invertase/firestore-ios-sdk-frameworks.git`, tag `11.2.0`)
  - Flutter (from `Flutter`)
  - flutter_appauth (from `.symlinks/plugins/flutter_appauth/ios`)
  - flutter_local_notifications (from `.symlinks/plugins/flutter_local_notifications/ios`)
  - flutter_native_splash (from `.symlinks/plugins/flutter_native_splash/ios`)
  - flutter_secure_storage (from `.symlinks/plugins/flutter_secure_storage/ios`)
  - flutter_to_airplay (from `.symlinks/plugins/flutter_to_airplay/ios`)
  - integration_test (from `.symlinks/plugins/integration_test/ios`)
  - open_mail_app (from `.symlinks/plugins/open_mail_app/ios`)
  - package_info_plus (from `.symlinks/plugins/package_info_plus/ios`)
  - path_provider_foundation (from `.symlinks/plugins/path_provider_foundation/darwin`)
  - restart_app (from `.symlinks/plugins/restart_app/ios`)
  - rudder_plugin_ios (from `.symlinks/plugins/rudder_plugin_ios/ios`)
  - sentry_flutter (from `.symlinks/plugins/sentry_flutter/ios`)
  - share_plus (from `.symlinks/plugins/share_plus/ios`)
  - shared_preferences_foundation (from `.symlinks/plugins/shared_preferences_foundation/darwin`)
  - sqflite (from `.symlinks/plugins/sqflite/darwin`)
  - url_launcher_ios (from `.symlinks/plugins/url_launcher_ios/ios`)
  - vibration (from `.symlinks/plugins/vibration/ios`)
  - wakelock_plus (from `.symlinks/plugins/wakelock_plus/ios`)
  - webview_flutter_wkwebview (from `.symlinks/plugins/webview_flutter_wkwebview/darwin`)

SPEC REPOS:
  trunk:
    - AppAuth
    - Firebase
    - FirebaseCore
    - FirebaseCoreExtension
    - FirebaseCoreInternal
    - FirebaseFirestoreAbseilBinary
    - FirebaseFirestoreBinary
    - FirebaseFirestoreGRPCBoringSSLBinary
    - FirebaseFirestoreGRPCCoreBinary
    - FirebaseFirestoreGRPCCPPBinary
    - FirebaseFirestoreInternalBinary
    - FirebaseInstallations
    - FirebaseMessaging
    - FirebaseSharedSwift
    - google-cast-sdk-dynamic-xcframework-no-bluetooth
    - GoogleDataTransport
    - GoogleUtilities
    - leveldb-library
    - MetricsReporter
    - nanopb
    - PromisesObjC
    - Protobuf
    - RSCrashReporter
    - Rudder
    - RudderKit
    - Sentry
    - YouboraAVPlayerAdapter
    - YouboraLib

EXTERNAL SOURCES:
  app_links:
    :path: ".symlinks/plugins/app_links/ios"
  bccm_player:
    :path: ".symlinks/plugins/bccm_player/ios"
  cloud_firestore:
    :path: ".symlinks/plugins/cloud_firestore/ios"
  connectivity_plus:
    :path: ".symlinks/plugins/connectivity_plus/darwin"
  device_info_plus:
    :path: ".symlinks/plugins/device_info_plus/ios"
  firebase_core:
    :path: ".symlinks/plugins/firebase_core/ios"
  firebase_messaging:
    :path: ".symlinks/plugins/firebase_messaging/ios"
  FirebaseFirestore:
    :git: https://github.com/invertase/firestore-ios-sdk-frameworks.git
    :tag: 11.2.0
  Flutter:
    :path: Flutter
  flutter_appauth:
    :path: ".symlinks/plugins/flutter_appauth/ios"
  flutter_local_notifications:
    :path: ".symlinks/plugins/flutter_local_notifications/ios"
  flutter_native_splash:
    :path: ".symlinks/plugins/flutter_native_splash/ios"
  flutter_secure_storage:
    :path: ".symlinks/plugins/flutter_secure_storage/ios"
  flutter_to_airplay:
    :path: ".symlinks/plugins/flutter_to_airplay/ios"
  integration_test:
    :path: ".symlinks/plugins/integration_test/ios"
  open_mail_app:
    :path: ".symlinks/plugins/open_mail_app/ios"
  package_info_plus:
    :path: ".symlinks/plugins/package_info_plus/ios"
  path_provider_foundation:
    :path: ".symlinks/plugins/path_provider_foundation/darwin"
  restart_app:
    :path: ".symlinks/plugins/restart_app/ios"
  rudder_plugin_ios:
    :path: ".symlinks/plugins/rudder_plugin_ios/ios"
  sentry_flutter:
    :path: ".symlinks/plugins/sentry_flutter/ios"
  share_plus:
    :path: ".symlinks/plugins/share_plus/ios"
  shared_preferences_foundation:
    :path: ".symlinks/plugins/shared_preferences_foundation/darwin"
  sqflite:
    :path: ".symlinks/plugins/sqflite/darwin"
  url_launcher_ios:
    :path: ".symlinks/plugins/url_launcher_ios/ios"
  vibration:
    :path: ".symlinks/plugins/vibration/ios"
  wakelock_plus:
    :path: ".symlinks/plugins/wakelock_plus/ios"
  webview_flutter_wkwebview:
    :path: ".symlinks/plugins/webview_flutter_wkwebview/darwin"

CHECKOUT OPTIONS:
  FirebaseFirestore:
    :git: https://github.com/invertase/firestore-ios-sdk-frameworks.git
    :tag: 11.2.0

SPEC CHECKSUMS:
  app_links: e7a6750a915a9e161c58d91bc610e8cd1d4d0ad0
  AppAuth: 182c5b88630569df5acb672720534756c29b3358
  bccm_player: 604487689efbc99aeb2093d900785b7e36fd43a7
  cloud_firestore: e16eb136b9211d489b90dfedbaeddb10ff307e6a
  connectivity_plus: ddd7f30999e1faaef5967c23d5b6d503d10434db
  device_info_plus: 97af1d7e84681a90d0693e63169a5d50e0839a0d
  Firebase: 98e6bf5278170668a7983e12971a66b2cd57fc8c
  firebase_core: 2bedc3136ec7c7b8561c6123ed0239387b53f2af
  firebase_messaging: 142bd697a86df7d33c36f7db283ed1d26a6b3129
  FirebaseCore: a282032ae9295c795714ded2ec9c522fc237f8da
  FirebaseCoreExtension: cda74ddfb001224bd8fd1d6e74698b4ed07803de
  FirebaseCoreInternal: ac26d09a70c730e497936430af4e60fb0c68ec4e
  FirebaseFirestore: bce39d24776dad48f7fad4ac42a9e805971a71b2
  FirebaseFirestoreAbseilBinary: fa2ebd2ed02cadef5382e4f7c93f1b265c812c85
  FirebaseFirestoreBinary: 819db6b2586c6f974c7a1f9d8c870609edbf6e5a
  FirebaseFirestoreGRPCBoringSSLBinary: d86ebbe2adc8d15d7ebf305fff7d6358385327f8
  FirebaseFirestoreGRPCCoreBinary: 472bd808e1886a5efb2fd03dd09b98d34641a335
  FirebaseFirestoreGRPCCPPBinary: db76d83d2b7517623f8426ed7f7a17bad2478084
  FirebaseFirestoreInternalBinary: 4cf8180574159f20a2861a6e5c7e86745e4626d8
  FirebaseInstallations: 58cf94dabf1e2bb2fa87725a9be5c2249171cda0
  FirebaseMessaging: c9ec7b90c399c7a6100297e9d16f8a27fc7f7152
  FirebaseSharedSwift: 7a0d78d155ede78407f0fdc89fbc914014c7c540
  Flutter: e0871f40cf51350855a761d2e70bf5af5b9b5de7
  flutter_appauth: 1ce438877bc111c5d8f42da47729909290624886
  flutter_local_notifications: 4cde75091f6327eb8517fa068a0a5950212d2086
  flutter_native_splash: edf599c81f74d093a4daf8e17bd7a018854bc778
  flutter_secure_storage: d33dac7ae2ea08509be337e775f6b59f1ff45f12
  flutter_to_airplay: 519d8d83d7d8fd1c97a557b98195c4e6396eeb8f
  google-cast-sdk-dynamic-xcframework-no-bluetooth: 1fa9e267df3fd6f8a1c6e3345142ca5286297968
  GoogleDataTransport: aae35b7ea0c09004c3797d53c8c41f66f219d6a7
  GoogleUtilities: 26a3abef001b6533cf678d3eb38fd3f614b7872d
  integration_test: 252f60fa39af5e17c3aa9899d35d908a0721b573
  leveldb-library: e8eadf9008a61f9e1dde3978c086d2b6d9b9dc28
  MetricsReporter: 364b98791e868b10e9d512eb50af28d8c11e5cdb
  nanopb: fad817b59e0457d11a5dfbde799381cd727c1275
  open_mail_app: 794172f6a22cd16319d3ddaf45e945b2f74952b0
  package_info_plus: 58f0028419748fad15bf008b270aaa8e54380b1c
  path_provider_foundation: 2b6b4c569c0fb62ec74538f866245ac84301af46
  PromisesObjC: f5707f49cb48b9636751c5b2e7d227e43fba9f47
  Protobuf: 28c89b24435762f60244e691544ed80f50d82701
  restart_app: 806659942bf932f6ce51c5372f91ce5e81c8c14a
  RSCrashReporter: 6b8376ac729b0289ebe0908553e5f56d8171f313
  Rudder: 7031e52a04312cbc7a70713cac25528a89e63408
  rudder_plugin_ios: a337ccdc5313621e0b1260551e8ebbc6bb492c36
  RudderKit: f272f9872183946452ac94cd7bb2244a71e6ca8f
  Sentry: f8374b5415bc38dfb5645941b3ae31230fbeae57
  sentry_flutter: 0eb93e5279eb41e2392212afe1ccd2fecb4f8cbe
  share_plus: 8875f4f2500512ea181eef553c3e27dba5135aad
  shared_preferences_foundation: fcdcbc04712aee1108ac7fda236f363274528f78
  sqflite: 673a0e54cc04b7d6dba8d24fb8095b31c3a99eec
  url_launcher_ios: 5334b05cef931de560670eeae103fd3e431ac3fe
  vibration: 7d883d141656a1c1a6d8d238616b2042a51a1241
  wakelock_plus: 78ec7c5b202cab7761af8e2b2b3d0671be6c4ae1
  webview_flutter_wkwebview: 0982481e3d9c78fd5c6f62a002fcd24fc791f1e4
  YouboraAVPlayerAdapter: bc898a61e09c667202a77491b677a42dfa0adc04
  YouboraLib: fc65b030ac93499f8beb3f5daa10deb3879fb2d2

PODFILE CHECKSUM: 80ff0adf9dfef12225eadf03b6b0738f88bc0688

COCOAPODS: 1.15.2
