PODS:
  - bccm_player (0.0.1):
    - Flutter
    - google-cast-sdk-dynamic-xcframework-no-bluetooth (= 4.7.1)
    - Protobuf (~> 3.13)
    - YouboraAVPlayerAdapter (= 6.6.8)
    - YouboraLib (= 6.6.22)
  - Flutter (1.0.0)
  - google-cast-sdk-dynamic-xcframework-no-bluetooth (4.7.1)
  - Protobuf (3.22.3)
  - wakelock (0.0.1):
    - Flutter
  - YouboraAVPlayerAdapter (6.6.8):
    - YouboraAVPlayerAdapter/Default (= 6.6.8)
    - YouboraLib (~> 6.5)
  - YouboraAVPlayerAdapter/Default (6.6.8):
    - YouboraLib (~> 6.5)
  - YouboraLib (6.6.22)

DEPENDENCIES:
  - bccm_player (from `.symlinks/plugins/bccm_player/ios`)
  - Flutter (from `Flutter`)
  - wakelock (from `.symlinks/plugins/wakelock/ios`)

SPEC REPOS:
  trunk:
    - google-cast-sdk-dynamic-xcframework-no-bluetooth
    - Protobuf
    - YouboraAVPlayerAdapter
    - YouboraLib

EXTERNAL SOURCES:
  bccm_player:
    :path: ".symlinks/plugins/bccm_player/ios"
  Flutter:
    :path: Flutter
  wakelock:
    :path: ".symlinks/plugins/wakelock/ios"

SPEC CHECKSUMS:
  bccm_player: cdd4162150f1f33a039232b9f6ce89dc42fbe2f5
  Flutter: f04841e97a9d0b0a8025694d0796dd46242b2854
  google-cast-sdk-dynamic-xcframework-no-bluetooth: 1fa9e267df3fd6f8a1c6e3345142ca5286297968
  Protobuf: d03938d5f7e974a97964fb0567771e36fbe9ecce
  wakelock: d0fc7c864128eac40eba1617cb5264d9c940b46f
  YouboraAVPlayerAdapter: bc898a61e09c667202a77491b677a42dfa0adc04
  YouboraLib: fc65b030ac93499f8beb3f5daa10deb3879fb2d2

PODFILE CHECKSUM: ef19549a9bc3046e7bb7d2fab4d021637c0c58a3

COCOAPODS: 1.12.1
